
Microsoft Visual Studio Solution File, Format Version 12.00
# Visual Studio Version 17
VisualStudioVersion = 17.3.32929.385
MinimumVisualStudioVersion = 10.0.40219.1
Project("{9A19103F-16F7-4668-BE54-9A1E7A4F7556}") = "Api", "Api\Api.csproj", "{73C9D593-1F5F-4AFA-90D5-AC43B23B97BE}"
EndProject
Project("{9A19103F-16F7-4668-BE54-9A1E7A4F7556}") = "DAL", "DAL\DAL.csproj", "{1B3408E1-B20C-4E59-B01E-6635C459B896}"
EndProject
Project("{FAE04EC0-301F-11D3-BF4B-00C04F79EFBC}") = "Common", "Common\Common.csproj", "{6B6B81BA-CC1A-482B-8312-A1A9D4F0B886}"
EndProject
Global
	GlobalSection(SolutionConfigurationPlatforms) = preSolution
		Debug|Any CPU = Debug|Any CPU
		Release|Any CPU = Release|Any CPU
	EndGlobalSection
	GlobalSection(ProjectConfigurationPlatforms) = postSolution
		{73C9D593-1F5F-4AFA-90D5-AC43B23B97BE}.Debug|Any CPU.ActiveCfg = Debug|Any CPU
		{73C9D593-1F5F-4AFA-90D5-AC43B23B97BE}.Debug|Any CPU.Build.0 = Debug|Any CPU
		{73C9D593-1F5F-4AFA-90D5-AC43B23B97BE}.Release|Any CPU.ActiveCfg = Release|Any CPU
		{73C9D593-1F5F-4AFA-90D5-AC43B23B97BE}.Release|Any CPU.Build.0 = Release|Any CPU
		{1B3408E1-B20C-4E59-B01E-6635C459B896}.Debug|Any CPU.ActiveCfg = Debug|Any CPU
		{1B3408E1-B20C-4E59-B01E-6635C459B896}.Debug|Any CPU.Build.0 = Debug|Any CPU
		{1B3408E1-B20C-4E59-B01E-6635C459B896}.Release|Any CPU.ActiveCfg = Release|Any CPU
		{1B3408E1-B20C-4E59-B01E-6635C459B896}.Release|Any CPU.Build.0 = Release|Any CPU
		{6B6B81BA-CC1A-482B-8312-A1A9D4F0B886}.Debug|Any CPU.ActiveCfg = Debug|Any CPU
		{6B6B81BA-CC1A-482B-8312-A1A9D4F0B886}.Debug|Any CPU.Build.0 = Debug|Any CPU
		{6B6B81BA-CC1A-482B-8312-A1A9D4F0B886}.Release|Any CPU.ActiveCfg = Release|Any CPU
		{6B6B81BA-CC1A-482B-8312-A1A9D4F0B886}.Release|Any CPU.Build.0 = Release|Any CPU
	EndGlobalSection
	GlobalSection(SolutionProperties) = preSolution
		HideSolutionNode = FALSE
	EndGlobalSection
	GlobalSection(ExtensibilityGlobals) = postSolution
		SolutionGuid = {16A9BE23-27E4-420E-B242-326D0724F17E}
	EndGlobalSection
EndGlobal
